
Microsoft Visual Studio Solution File, Format Version 12.00
# Visual Studio Version 16
VisualStudioVersion = 16.0.30114.105
MinimumVisualStudioVersion = 10.0.40219.1
Project("{FAE04EC0-301F-11D3-BF4B-00C04F79EFBC}") = "DominoPlayerTester", "DominoPlayerTester\DominoPlayerTester.csproj", "{9E57F2D7-1C8C-4AF3-9E16-485EC84BE8BF}"
EndProject
Project("{FAE04EC0-301F-11D3-BF4B-00C04F79EFBC}") = "DominoPlayer", "DominoPlayer\DominoPlayer.csproj", "{32013A82-8A8F-48E1-BEBF-D2D20ACDE9FC}"
EndProject
Global
	GlobalSection(SolutionConfigurationPlatforms) = preSolution
		Debug|Any CPU = Debug|Any CPU
		Release|Any CPU = Release|Any CPU
	EndGlobalSection
	GlobalSection(SolutionProperties) = preSolution
		HideSolutionNode = FALSE
	EndGlobalSection
	GlobalSection(ProjectConfigurationPlatforms) = postSolution
		{9E57F2D7-1C8C-4AF3-9E16-485EC84BE8BF}.Debug|Any CPU.ActiveCfg = Debug|Any CPU
		{9E57F2D7-1C8C-4AF3-9E16-485EC84BE8BF}.Debug|Any CPU.Build.0 = Debug|Any CPU
		{9E57F2D7-1C8C-4AF3-9E16-485EC84BE8BF}.Release|Any CPU.ActiveCfg = Release|Any CPU
		{9E57F2D7-1C8C-4AF3-9E16-485EC84BE8BF}.Release|Any CPU.Build.0 = Release|Any CPU
		{32013A82-8A8F-48E1-BEBF-D2D20ACDE9FC}.Debug|Any CPU.ActiveCfg = Debug|Any CPU
		{32013A82-8A8F-48E1-BEBF-D2D20ACDE9FC}.Debug|Any CPU.Build.0 = Debug|Any CPU
		{32013A82-8A8F-48E1-BEBF-D2D20ACDE9FC}.Release|Any CPU.ActiveCfg = Release|Any CPU
		{32013A82-8A8F-48E1-BEBF-D2D20ACDE9FC}.Release|Any CPU.Build.0 = Release|Any CPU
	EndGlobalSection
EndGlobal
