
Microsoft Visual Studio Solution File, Format Version 12.00
# Visual Studio Version 17
VisualStudioVersion = 17.1.32421.90
MinimumVisualStudioVersion = 10.0.40219.1
Project("{9A19103F-16F7-4668-BE54-9A1E7A4F7556}") = "DominoPlayer", "DominoPlayer.csproj", "{81689703-091F-4C95-8115-69697BE1DF3D}"
EndProject
Project("{FAE04EC0-301F-11D3-BF4B-00C04F79EFBC}") = "DominoTester", "..\DominoTester\DominoTester.csproj", "{83056873-C183-45C2-9758-F53C015B1F62}"
EndProject
Global
	GlobalSection(SolutionConfigurationPlatforms) = preSolution
		Debug|Any CPU = Debug|Any CPU
		Release|Any CPU = Release|Any CPU
	EndGlobalSection
	GlobalSection(ProjectConfigurationPlatforms) = postSolution
		{81689703-091F-4C95-8115-69697BE1DF3D}.Debug|Any CPU.ActiveCfg = Debug|Any CPU
		{81689703-091F-4C95-8115-69697BE1DF3D}.Debug|Any CPU.Build.0 = Debug|Any CPU
		{81689703-091F-4C95-8115-69697BE1DF3D}.Release|Any CPU.ActiveCfg = Release|Any CPU
		{81689703-091F-4C95-8115-69697BE1DF3D}.Release|Any CPU.Build.0 = Release|Any CPU
		{83056873-C183-45C2-9758-F53C015B1F62}.Debug|Any CPU.ActiveCfg = Debug|Any CPU
		{83056873-C183-45C2-9758-F53C015B1F62}.Debug|Any CPU.Build.0 = Debug|Any CPU
		{83056873-C183-45C2-9758-F53C015B1F62}.Release|Any CPU.ActiveCfg = Release|Any CPU
		{83056873-C183-45C2-9758-F53C015B1F62}.Release|Any CPU.Build.0 = Release|Any CPU
	EndGlobalSection
	GlobalSection(SolutionProperties) = preSolution
		HideSolutionNode = FALSE
	EndGlobalSection
	GlobalSection(ExtensibilityGlobals) = postSolution
		SolutionGuid = {D1DE3708-BC81-4EDA-8CB7-828DBC046290}
	EndGlobalSection
EndGlobal
